
Microsoft Visual Studio Solution File, Format Version 12.00
# Visual Studio 14
VisualStudioVersion = 14.0.24720.0
MinimumVisualStudioVersion = 10.0.40219.1
Project("{8BC9CEB8-8B4A-11D0-8D11-00A0C91BC942}") = "lua bench", "lua bench.vcxproj", "{B7920C33-C11F-4760-9AC7-7A799992E224}"
EndProject
Project("{2150E333-8FDC-42A3-9474-1A3956D46DE8}") = "vendor", "vendor", "{1950ADA6-540D-402C-AA08-36D629CC3293}"
EndProject
Project("{8BC9CEB8-8B4A-11D0-8D11-00A0C91BC942}") = "lua", "vendor\lua.vcxproj", "{48551477-5B65-4B56-88CE-5B7A066BFD3A}"
EndProject
Project("{8BC9CEB8-8B4A-11D0-8D11-00A0C91BC942}") = "lua-api-pp", "vendor\lua-api-pp.vcxproj", "{51D0CC6B-6EF2-4DD3-A008-5A032D2257B9}"
EndProject
Project("{8BC9CEB8-8B4A-11D0-8D11-00A0C91BC942}") = "luabind", "vendor\luabind.vcxproj", "{D22B207C-4C50-4D0D-B7F5-DE3061B21381}"
EndProject
Project("{8BC9CEB8-8B4A-11D0-8D11-00A0C91BC942}") = "lua-intf", "vendor\lua-intf.vcxproj", "{8458DE51-6C31-4C01-A8E2-3F8B377D470C}"
EndProject
Project("{8BC9CEB8-8B4A-11D0-8D11-00A0C91BC942}") = "luawrapper", "vendor\luawrapper.vcxproj", "{E3794CB4-3325-4806-B408-1A384CA98B2D}"
EndProject
Project("{8BC9CEB8-8B4A-11D0-8D11-00A0C91BC942}") = "nonius", "vendor\nonius.vcxproj", "{F3A9D15D-03A4-452C-AF2F-4C00C684194F}"
EndProject
Project("{8BC9CEB8-8B4A-11D0-8D11-00A0C91BC942}") = "selene", "vendor\selene.vcxproj", "{D24A81C9-9E04-44E2-AEB8-71887D398BD9}"
EndProject
Project("{8BC9CEB8-8B4A-11D0-8D11-00A0C91BC942}") = "sol", "vendor\sol.vcxproj", "{413120B4-9985-4E36-A470-EDFDC0A747BA}"
EndProject
Project("{8BC9CEB8-8B4A-11D0-8D11-00A0C91BC942}") = "nonius.deps", "vendor\nonius.deps.vcxproj", "{0F75886B-04F5-4257-A766-6C22FB52F9FB}"
EndProject
Project("{8BC9CEB8-8B4A-11D0-8D11-00A0C91BC942}") = "kaguya", "vendor\kaguya.vcxproj", "{DA06124B-4B35-442F-BF0E-17CC387AACAE}"
EndProject
Project("{8BC9CEB8-8B4A-11D0-8D11-00A0C91BC942}") = "oolua", "vendor\oolua.vcxproj", "{CE5765BB-DBA9-4276-ABD1-035315887B0B}"
EndProject
Project("{8BC9CEB8-8B4A-11D0-8D11-00A0C91BC942}") = "sol bench", "sol bench.vcxproj", "{43C3B60C-DBE7-409F-A605-B92ED1C368D3}"
EndProject
Global
	GlobalSection(SolutionConfigurationPlatforms) = preSolution
		Debug|x64 = Debug|x64
		Debug|x86 = Debug|x86
		Release|x64 = Release|x64
		Release|x86 = Release|x86
	EndGlobalSection
	GlobalSection(ProjectConfigurationPlatforms) = postSolution
		{B7920C33-C11F-4760-9AC7-7A799992E224}.Debug|x64.ActiveCfg = Debug|x64
		{B7920C33-C11F-4760-9AC7-7A799992E224}.Debug|x64.Build.0 = Debug|x64
		{B7920C33-C11F-4760-9AC7-7A799992E224}.Debug|x86.ActiveCfg = Debug|Win32
		{B7920C33-C11F-4760-9AC7-7A799992E224}.Debug|x86.Build.0 = Debug|Win32
		{B7920C33-C11F-4760-9AC7-7A799992E224}.Release|x64.ActiveCfg = Release|x64
		{B7920C33-C11F-4760-9AC7-7A799992E224}.Release|x64.Build.0 = Release|x64
		{B7920C33-C11F-4760-9AC7-7A799992E224}.Release|x86.ActiveCfg = Release|Win32
		{B7920C33-C11F-4760-9AC7-7A799992E224}.Release|x86.Build.0 = Release|Win32
		{48551477-5B65-4B56-88CE-5B7A066BFD3A}.Debug|x64.ActiveCfg = Debug|x64
		{48551477-5B65-4B56-88CE-5B7A066BFD3A}.Debug|x64.Build.0 = Debug|x64
		{48551477-5B65-4B56-88CE-5B7A066BFD3A}.Debug|x86.ActiveCfg = Debug|Win32
		{48551477-5B65-4B56-88CE-5B7A066BFD3A}.Debug|x86.Build.0 = Debug|Win32
		{48551477-5B65-4B56-88CE-5B7A066BFD3A}.Release|x64.ActiveCfg = Release|x64
		{48551477-5B65-4B56-88CE-5B7A066BFD3A}.Release|x64.Build.0 = Release|x64
		{48551477-5B65-4B56-88CE-5B7A066BFD3A}.Release|x86.ActiveCfg = Release|Win32
		{48551477-5B65-4B56-88CE-5B7A066BFD3A}.Release|x86.Build.0 = Release|Win32
		{51D0CC6B-6EF2-4DD3-A008-5A032D2257B9}.Debug|x64.ActiveCfg = Debug|x64
		{51D0CC6B-6EF2-4DD3-A008-5A032D2257B9}.Debug|x64.Build.0 = Debug|x64
		{51D0CC6B-6EF2-4DD3-A008-5A032D2257B9}.Debug|x86.ActiveCfg = Debug|Win32
		{51D0CC6B-6EF2-4DD3-A008-5A032D2257B9}.Debug|x86.Build.0 = Debug|Win32
		{51D0CC6B-6EF2-4DD3-A008-5A032D2257B9}.Release|x64.ActiveCfg = Release|x64
		{51D0CC6B-6EF2-4DD3-A008-5A032D2257B9}.Release|x64.Build.0 = Release|x64
		{51D0CC6B-6EF2-4DD3-A008-5A032D2257B9}.Release|x86.ActiveCfg = Release|Win32
		{51D0CC6B-6EF2-4DD3-A008-5A032D2257B9}.Release|x86.Build.0 = Release|Win32
		{D22B207C-4C50-4D0D-B7F5-DE3061B21381}.Debug|x64.ActiveCfg = Debug|x64
		{D22B207C-4C50-4D0D-B7F5-DE3061B21381}.Debug|x64.Build.0 = Debug|x64
		{D22B207C-4C50-4D0D-B7F5-DE3061B21381}.Debug|x86.ActiveCfg = Debug|Win32
		{D22B207C-4C50-4D0D-B7F5-DE3061B21381}.Debug|x86.Build.0 = Debug|Win32
		{D22B207C-4C50-4D0D-B7F5-DE3061B21381}.Release|x64.ActiveCfg = Release|x64
		{D22B207C-4C50-4D0D-B7F5-DE3061B21381}.Release|x64.Build.0 = Release|x64
		{D22B207C-4C50-4D0D-B7F5-DE3061B21381}.Release|x86.ActiveCfg = Release|Win32
		{D22B207C-4C50-4D0D-B7F5-DE3061B21381}.Release|x86.Build.0 = Release|Win32
		{8458DE51-6C31-4C01-A8E2-3F8B377D470C}.Debug|x64.ActiveCfg = Debug|x64
		{8458DE51-6C31-4C01-A8E2-3F8B377D470C}.Debug|x64.Build.0 = Debug|x64
		{8458DE51-6C31-4C01-A8E2-3F8B377D470C}.Debug|x86.ActiveCfg = Debug|Win32
		{8458DE51-6C31-4C01-A8E2-3F8B377D470C}.Debug|x86.Build.0 = Debug|Win32
		{8458DE51-6C31-4C01-A8E2-3F8B377D470C}.Release|x64.ActiveCfg = Release|x64
		{8458DE51-6C31-4C01-A8E2-3F8B377D470C}.Release|x64.Build.0 = Release|x64
		{8458DE51-6C31-4C01-A8E2-3F8B377D470C}.Release|x86.ActiveCfg = Release|Win32
		{8458DE51-6C31-4C01-A8E2-3F8B377D470C}.Release|x86.Build.0 = Release|Win32
		{E3794CB4-3325-4806-B408-1A384CA98B2D}.Debug|x64.ActiveCfg = Debug|x64
		{E3794CB4-3325-4806-B408-1A384CA98B2D}.Debug|x64.Build.0 = Debug|x64
		{E3794CB4-3325-4806-B408-1A384CA98B2D}.Debug|x86.ActiveCfg = Debug|Win32
		{E3794CB4-3325-4806-B408-1A384CA98B2D}.Debug|x86.Build.0 = Debug|Win32
		{E3794CB4-3325-4806-B408-1A384CA98B2D}.Release|x64.ActiveCfg = Release|x64
		{E3794CB4-3325-4806-B408-1A384CA98B2D}.Release|x64.Build.0 = Release|x64
		{E3794CB4-3325-4806-B408-1A384CA98B2D}.Release|x86.ActiveCfg = Release|Win32
		{E3794CB4-3325-4806-B408-1A384CA98B2D}.Release|x86.Build.0 = Release|Win32
		{F3A9D15D-03A4-452C-AF2F-4C00C684194F}.Debug|x64.ActiveCfg = Debug|x64
		{F3A9D15D-03A4-452C-AF2F-4C00C684194F}.Debug|x64.Build.0 = Debug|x64
		{F3A9D15D-03A4-452C-AF2F-4C00C684194F}.Debug|x86.ActiveCfg = Debug|Win32
		{F3A9D15D-03A4-452C-AF2F-4C00C684194F}.Debug|x86.Build.0 = Debug|Win32
		{F3A9D15D-03A4-452C-AF2F-4C00C684194F}.Release|x64.ActiveCfg = Release|x64
		{F3A9D15D-03A4-452C-AF2F-4C00C684194F}.Release|x64.Build.0 = Release|x64
		{F3A9D15D-03A4-452C-AF2F-4C00C684194F}.Release|x86.ActiveCfg = Release|Win32
		{F3A9D15D-03A4-452C-AF2F-4C00C684194F}.Release|x86.Build.0 = Release|Win32
		{D24A81C9-9E04-44E2-AEB8-71887D398BD9}.Debug|x64.ActiveCfg = Debug|x64
		{D24A81C9-9E04-44E2-AEB8-71887D398BD9}.Debug|x64.Build.0 = Debug|x64
		{D24A81C9-9E04-44E2-AEB8-71887D398BD9}.Debug|x86.ActiveCfg = Debug|Win32
		{D24A81C9-9E04-44E2-AEB8-71887D398BD9}.Debug|x86.Build.0 = Debug|Win32
		{D24A81C9-9E04-44E2-AEB8-71887D398BD9}.Release|x64.ActiveCfg = Release|x64
		{D24A81C9-9E04-44E2-AEB8-71887D398BD9}.Release|x64.Build.0 = Release|x64
		{D24A81C9-9E04-44E2-AEB8-71887D398BD9}.Release|x86.ActiveCfg = Release|Win32
		{D24A81C9-9E04-44E2-AEB8-71887D398BD9}.Release|x86.Build.0 = Release|Win32
		{413120B4-9985-4E36-A470-EDFDC0A747BA}.Debug|x64.ActiveCfg = Debug|x64
		{413120B4-9985-4E36-A470-EDFDC0A747BA}.Debug|x64.Build.0 = Debug|x64
		{413120B4-9985-4E36-A470-EDFDC0A747BA}.Debug|x86.ActiveCfg = Debug|Win32
		{413120B4-9985-4E36-A470-EDFDC0A747BA}.Debug|x86.Build.0 = Debug|Win32
		{413120B4-9985-4E36-A470-EDFDC0A747BA}.Release|x64.ActiveCfg = Release|x64
		{413120B4-9985-4E36-A470-EDFDC0A747BA}.Release|x64.Build.0 = Release|x64
		{413120B4-9985-4E36-A470-EDFDC0A747BA}.Release|x86.ActiveCfg = Release|Win32
		{413120B4-9985-4E36-A470-EDFDC0A747BA}.Release|x86.Build.0 = Release|Win32
		{0F75886B-04F5-4257-A766-6C22FB52F9FB}.Debug|x64.ActiveCfg = Debug|x64
		{0F75886B-04F5-4257-A766-6C22FB52F9FB}.Debug|x64.Build.0 = Debug|x64
		{0F75886B-04F5-4257-A766-6C22FB52F9FB}.Debug|x86.ActiveCfg = Debug|Win32
		{0F75886B-04F5-4257-A766-6C22FB52F9FB}.Debug|x86.Build.0 = Debug|Win32
		{0F75886B-04F5-4257-A766-6C22FB52F9FB}.Release|x64.ActiveCfg = Release|x64
		{0F75886B-04F5-4257-A766-6C22FB52F9FB}.Release|x64.Build.0 = Release|x64
		{0F75886B-04F5-4257-A766-6C22FB52F9FB}.Release|x86.ActiveCfg = Release|Win32
		{0F75886B-04F5-4257-A766-6C22FB52F9FB}.Release|x86.Build.0 = Release|Win32
		{DA06124B-4B35-442F-BF0E-17CC387AACAE}.Debug|x64.ActiveCfg = Debug|x64
		{DA06124B-4B35-442F-BF0E-17CC387AACAE}.Debug|x64.Build.0 = Debug|x64
		{DA06124B-4B35-442F-BF0E-17CC387AACAE}.Debug|x86.ActiveCfg = Debug|Win32
		{DA06124B-4B35-442F-BF0E-17CC387AACAE}.Debug|x86.Build.0 = Debug|Win32
		{DA06124B-4B35-442F-BF0E-17CC387AACAE}.Release|x64.ActiveCfg = Release|x64
		{DA06124B-4B35-442F-BF0E-17CC387AACAE}.Release|x64.Build.0 = Release|x64
		{DA06124B-4B35-442F-BF0E-17CC387AACAE}.Release|x86.ActiveCfg = Release|Win32
		{DA06124B-4B35-442F-BF0E-17CC387AACAE}.Release|x86.Build.0 = Release|Win32
		{CE5765BB-DBA9-4276-ABD1-035315887B0B}.Debug|x64.ActiveCfg = Debug|x64
		{CE5765BB-DBA9-4276-ABD1-035315887B0B}.Debug|x64.Build.0 = Debug|x64
		{CE5765BB-DBA9-4276-ABD1-035315887B0B}.Debug|x86.ActiveCfg = Debug|Win32
		{CE5765BB-DBA9-4276-ABD1-035315887B0B}.Debug|x86.Build.0 = Debug|Win32
		{CE5765BB-DBA9-4276-ABD1-035315887B0B}.Release|x64.ActiveCfg = Release|x64
		{CE5765BB-DBA9-4276-ABD1-035315887B0B}.Release|x64.Build.0 = Release|x64
		{CE5765BB-DBA9-4276-ABD1-035315887B0B}.Release|x86.ActiveCfg = Release|Win32
		{CE5765BB-DBA9-4276-ABD1-035315887B0B}.Release|x86.Build.0 = Release|Win32
		{43C3B60C-DBE7-409F-A605-B92ED1C368D3}.Debug|x64.ActiveCfg = Debug|x64
		{43C3B60C-DBE7-409F-A605-B92ED1C368D3}.Debug|x64.Build.0 = Debug|x64
		{43C3B60C-DBE7-409F-A605-B92ED1C368D3}.Debug|x86.ActiveCfg = Debug|Win32
		{43C3B60C-DBE7-409F-A605-B92ED1C368D3}.Debug|x86.Build.0 = Debug|Win32
		{43C3B60C-DBE7-409F-A605-B92ED1C368D3}.Release|x64.ActiveCfg = Release|x64
		{43C3B60C-DBE7-409F-A605-B92ED1C368D3}.Release|x64.Build.0 = Release|x64
		{43C3B60C-DBE7-409F-A605-B92ED1C368D3}.Release|x86.ActiveCfg = Release|Win32
		{43C3B60C-DBE7-409F-A605-B92ED1C368D3}.Release|x86.Build.0 = Release|Win32
	EndGlobalSection
	GlobalSection(SolutionProperties) = preSolution
		HideSolutionNode = FALSE
	EndGlobalSection
	GlobalSection(NestedProjects) = preSolution
		{48551477-5B65-4B56-88CE-5B7A066BFD3A} = {1950ADA6-540D-402C-AA08-36D629CC3293}
		{51D0CC6B-6EF2-4DD3-A008-5A032D2257B9} = {1950ADA6-540D-402C-AA08-36D629CC3293}
		{D22B207C-4C50-4D0D-B7F5-DE3061B21381} = {1950ADA6-540D-402C-AA08-36D629CC3293}
		{8458DE51-6C31-4C01-A8E2-3F8B377D470C} = {1950ADA6-540D-402C-AA08-36D629CC3293}
		{E3794CB4-3325-4806-B408-1A384CA98B2D} = {1950ADA6-540D-402C-AA08-36D629CC3293}
		{F3A9D15D-03A4-452C-AF2F-4C00C684194F} = {1950ADA6-540D-402C-AA08-36D629CC3293}
		{D24A81C9-9E04-44E2-AEB8-71887D398BD9} = {1950ADA6-540D-402C-AA08-36D629CC3293}
		{413120B4-9985-4E36-A470-EDFDC0A747BA} = {1950ADA6-540D-402C-AA08-36D629CC3293}
		{0F75886B-04F5-4257-A766-6C22FB52F9FB} = {1950ADA6-540D-402C-AA08-36D629CC3293}
		{DA06124B-4B35-442F-BF0E-17CC387AACAE} = {1950ADA6-540D-402C-AA08-36D629CC3293}
		{CE5765BB-DBA9-4276-ABD1-035315887B0B} = {1950ADA6-540D-402C-AA08-36D629CC3293}
	EndGlobalSection
EndGlobal
